
Microsoft Visual Studio Solution File, Format Version 12.00
# Visual Studio Version 16
VisualStudioVersion = 16.0.34031.81
MinimumVisualStudioVersion = 10.0.40219.1
Project("{FAE04EC0-301F-11D3-BF4B-00C04F79EFBC}") = "63CNTT4N2", "63CNTT4N2\63CNTT4N2.csproj", "{C3270E18-1CB7-4183-A8AF-62F936541577}"
EndProject
Project("{FAE04EC0-301F-11D3-BF4B-00C04F79EFBC}") = "Myclass", "Myclass\Myclass.csproj", "{D10984A3-33F2-4F4F-9D62-186E2B7FC708}"
EndProject
Global
	GlobalSection(SolutionConfigurationPlatforms) = preSolution
		Debug|Any CPU = Debug|Any CPU
		Release|Any CPU = Release|Any CPU
	EndGlobalSection
	GlobalSection(ProjectConfigurationPlatforms) = postSolution
		{C3270E18-1CB7-4183-A8AF-62F936541577}.Debug|Any CPU.ActiveCfg = Debug|Any CPU
		{C3270E18-1CB7-4183-A8AF-62F936541577}.Debug|Any CPU.Build.0 = Debug|Any CPU
		{C3270E18-1CB7-4183-A8AF-62F936541577}.Release|Any CPU.ActiveCfg = Release|Any CPU
		{C3270E18-1CB7-4183-A8AF-62F936541577}.Release|Any CPU.Build.0 = Release|Any CPU
		{D10984A3-33F2-4F4F-9D62-186E2B7FC708}.Debug|Any CPU.ActiveCfg = Debug|Any CPU
		{D10984A3-33F2-4F4F-9D62-186E2B7FC708}.Debug|Any CPU.Build.0 = Debug|Any CPU
		{D10984A3-33F2-4F4F-9D62-186E2B7FC708}.Release|Any CPU.ActiveCfg = Release|Any CPU
		{D10984A3-33F2-4F4F-9D62-186E2B7FC708}.Release|Any CPU.Build.0 = Release|Any CPU
	EndGlobalSection
	GlobalSection(SolutionProperties) = preSolution
		HideSolutionNode = FALSE
	EndGlobalSection
	GlobalSection(ExtensibilityGlobals) = postSolution
		SolutionGuid = {DE0A4765-67D8-40BC-BEF5-7E728439F665}
	EndGlobalSection
EndGlobal
